
Microsoft Visual Studio Solution File, Format Version 12.00
# Visual Studio Version 17
VisualStudioVersion = 17.0.32112.339
MinimumVisualStudioVersion = 10.0.40219.1
Project("{9A19103F-16F7-4668-BE54-9A1E7A4F7556}") = "Catalog.API", "Catalog.API\Catalog.API.csproj", "{114CD259-A05E-4FE6-8398-3EAD9F0FB6B1}"
EndProject
Project("{9A19103F-16F7-4668-BE54-9A1E7A4F7556}") = "EventBus", "..\BuildingBlocks\EventBus\EventBus\EventBus.csproj", "{DC143753-B4FB-4F79-8A47-9A6128760C22}"
EndProject
Project("{9A19103F-16F7-4668-BE54-9A1E7A4F7556}") = "EventBusRabbitMQ", "..\BuildingBlocks\EventBus\EventBusRabbitMQ\EventBusRabbitMQ.csproj", "{4D832E34-FA8D-46B7-9502-CF20279733CB}"
EndProject
Project("{9A19103F-16F7-4668-BE54-9A1E7A4F7556}") = "EventBusServiceBus", "..\BuildingBlocks\EventBus\EventBusServiceBus\EventBusServiceBus.csproj", "{C6940602-BCBE-4F7A-A9C0-00D371BFF695}"
EndProject
Project("{9A19103F-16F7-4668-BE54-9A1E7A4F7556}") = "IntegrationEventLogEF", "..\BuildingBlocks\EventBus\IntegrationEventLogEF\IntegrationEventLogEF.csproj", "{CECEC3A1-2266-4121-B7AE-F32CB2B6DF64}"
EndProject
Global
	GlobalSection(SolutionConfigurationPlatforms) = preSolution
		Debug|Any CPU = Debug|Any CPU
		Release|Any CPU = Release|Any CPU
	EndGlobalSection
	GlobalSection(ProjectConfigurationPlatforms) = postSolution
		{114CD259-A05E-4FE6-8398-3EAD9F0FB6B1}.Debug|Any CPU.ActiveCfg = Debug|Any CPU
		{114CD259-A05E-4FE6-8398-3EAD9F0FB6B1}.Debug|Any CPU.Build.0 = Debug|Any CPU
		{114CD259-A05E-4FE6-8398-3EAD9F0FB6B1}.Release|Any CPU.ActiveCfg = Release|Any CPU
		{114CD259-A05E-4FE6-8398-3EAD9F0FB6B1}.Release|Any CPU.Build.0 = Release|Any CPU
		{DC143753-B4FB-4F79-8A47-9A6128760C22}.Debug|Any CPU.ActiveCfg = Debug|Any CPU
		{DC143753-B4FB-4F79-8A47-9A6128760C22}.Debug|Any CPU.Build.0 = Debug|Any CPU
		{DC143753-B4FB-4F79-8A47-9A6128760C22}.Release|Any CPU.ActiveCfg = Release|Any CPU
		{DC143753-B4FB-4F79-8A47-9A6128760C22}.Release|Any CPU.Build.0 = Release|Any CPU
		{4D832E34-FA8D-46B7-9502-CF20279733CB}.Debug|Any CPU.ActiveCfg = Debug|Any CPU
		{4D832E34-FA8D-46B7-9502-CF20279733CB}.Debug|Any CPU.Build.0 = Debug|Any CPU
		{4D832E34-FA8D-46B7-9502-CF20279733CB}.Release|Any CPU.ActiveCfg = Release|Any CPU
		{4D832E34-FA8D-46B7-9502-CF20279733CB}.Release|Any CPU.Build.0 = Release|Any CPU
		{C6940602-BCBE-4F7A-A9C0-00D371BFF695}.Debug|Any CPU.ActiveCfg = Debug|Any CPU
		{C6940602-BCBE-4F7A-A9C0-00D371BFF695}.Debug|Any CPU.Build.0 = Debug|Any CPU
		{C6940602-BCBE-4F7A-A9C0-00D371BFF695}.Release|Any CPU.ActiveCfg = Release|Any CPU
		{C6940602-BCBE-4F7A-A9C0-00D371BFF695}.Release|Any CPU.Build.0 = Release|Any CPU
		{CECEC3A1-2266-4121-B7AE-F32CB2B6DF64}.Debug|Any CPU.ActiveCfg = Debug|Any CPU
		{CECEC3A1-2266-4121-B7AE-F32CB2B6DF64}.Debug|Any CPU.Build.0 = Debug|Any CPU
		{CECEC3A1-2266-4121-B7AE-F32CB2B6DF64}.Release|Any CPU.ActiveCfg = Release|Any CPU
		{CECEC3A1-2266-4121-B7AE-F32CB2B6DF64}.Release|Any CPU.Build.0 = Release|Any CPU
	EndGlobalSection
	GlobalSection(SolutionProperties) = preSolution
		HideSolutionNode = FALSE
	EndGlobalSection
	GlobalSection(ExtensibilityGlobals) = postSolution
		SolutionGuid = {385EAF2A-5A9E-49AE-8610-509958216199}
	EndGlobalSection
EndGlobal
