
Microsoft Visual Studio Solution File, Format Version 12.00
# Visual Studio Version 17
VisualStudioVersion = 17.0.32112.339
MinimumVisualStudioVersion = 10.0.40219.1
Project("{FAE04EC0-301F-11D3-BF4B-00C04F79EFBC}") = "Basket.API", "Basket.API\Basket.API.csproj", "{46B1C55D-58B7-40E8-AC44-5A2D2AECEA90}"
EndProject
Project("{9A19103F-16F7-4668-BE54-9A1E7A4F7556}") = "EventBus", "..\BuildingBlocks\EventBus\EventBus\EventBus.csproj", "{897B077F-2A8A-4073-889A-B9CA6CC89BEA}"
EndProject
Project("{9A19103F-16F7-4668-BE54-9A1E7A4F7556}") = "EventBusRabbitMQ", "..\BuildingBlocks\EventBus\EventBusRabbitMQ\EventBusRabbitMQ.csproj", "{0627C180-75B3-4BB0-8C4C-E58B7337AE2C}"
EndProject
Project("{9A19103F-16F7-4668-BE54-9A1E7A4F7556}") = "EventBusServiceBus", "..\BuildingBlocks\EventBus\EventBusServiceBus\EventBusServiceBus.csproj", "{B9C58B6C-A62F-4C8E-9443-841803B354AB}"
EndProject
Project("{9A19103F-16F7-4668-BE54-9A1E7A4F7556}") = "Identity.API", "..\Identity.API\Identity.API\Identity.API.csproj", "{75BADB19-8B23-4B68-9A89-5BC5CCF83162}"
EndProject
Global
	GlobalSection(SolutionConfigurationPlatforms) = preSolution
		Debug|Any CPU = Debug|Any CPU
		Release|Any CPU = Release|Any CPU
	EndGlobalSection
	GlobalSection(ProjectConfigurationPlatforms) = postSolution
		{46B1C55D-58B7-40E8-AC44-5A2D2AECEA90}.Debug|Any CPU.ActiveCfg = Debug|Any CPU
		{46B1C55D-58B7-40E8-AC44-5A2D2AECEA90}.Debug|Any CPU.Build.0 = Debug|Any CPU
		{46B1C55D-58B7-40E8-AC44-5A2D2AECEA90}.Release|Any CPU.ActiveCfg = Release|Any CPU
		{46B1C55D-58B7-40E8-AC44-5A2D2AECEA90}.Release|Any CPU.Build.0 = Release|Any CPU
		{897B077F-2A8A-4073-889A-B9CA6CC89BEA}.Debug|Any CPU.ActiveCfg = Debug|Any CPU
		{897B077F-2A8A-4073-889A-B9CA6CC89BEA}.Debug|Any CPU.Build.0 = Debug|Any CPU
		{897B077F-2A8A-4073-889A-B9CA6CC89BEA}.Release|Any CPU.ActiveCfg = Release|Any CPU
		{897B077F-2A8A-4073-889A-B9CA6CC89BEA}.Release|Any CPU.Build.0 = Release|Any CPU
		{0627C180-75B3-4BB0-8C4C-E58B7337AE2C}.Debug|Any CPU.ActiveCfg = Debug|Any CPU
		{0627C180-75B3-4BB0-8C4C-E58B7337AE2C}.Debug|Any CPU.Build.0 = Debug|Any CPU
		{0627C180-75B3-4BB0-8C4C-E58B7337AE2C}.Release|Any CPU.ActiveCfg = Release|Any CPU
		{0627C180-75B3-4BB0-8C4C-E58B7337AE2C}.Release|Any CPU.Build.0 = Release|Any CPU
		{B9C58B6C-A62F-4C8E-9443-841803B354AB}.Debug|Any CPU.ActiveCfg = Debug|Any CPU
		{B9C58B6C-A62F-4C8E-9443-841803B354AB}.Debug|Any CPU.Build.0 = Debug|Any CPU
		{B9C58B6C-A62F-4C8E-9443-841803B354AB}.Release|Any CPU.ActiveCfg = Release|Any CPU
		{B9C58B6C-A62F-4C8E-9443-841803B354AB}.Release|Any CPU.Build.0 = Release|Any CPU
		{75BADB19-8B23-4B68-9A89-5BC5CCF83162}.Debug|Any CPU.ActiveCfg = Debug|Any CPU
		{75BADB19-8B23-4B68-9A89-5BC5CCF83162}.Debug|Any CPU.Build.0 = Debug|Any CPU
		{75BADB19-8B23-4B68-9A89-5BC5CCF83162}.Release|Any CPU.ActiveCfg = Release|Any CPU
		{75BADB19-8B23-4B68-9A89-5BC5CCF83162}.Release|Any CPU.Build.0 = Release|Any CPU
	EndGlobalSection
	GlobalSection(SolutionProperties) = preSolution
		HideSolutionNode = FALSE
	EndGlobalSection
	GlobalSection(ExtensibilityGlobals) = postSolution
		SolutionGuid = {6A11C4E0-C572-4143-AF10-1D7216A51C5D}
	EndGlobalSection
EndGlobal
