
Microsoft Visual Studio Solution File, Format Version 12.00
# Visual Studio Version 17
VisualStudioVersion = 17.0.32112.339
MinimumVisualStudioVersion = 10.0.40219.1
Project("{FAE04EC0-301F-11D3-BF4B-00C04F79EFBC}") = "Identity.API", "Identity.API\Identity.API.csproj", "{6E0B8EBE-2D81-444E-8335-015FE3EB0FE2}"
EndProject
Project("{9A19103F-16F7-4668-BE54-9A1E7A4F7556}") = "Ordering.API", "..\Ordering.API\Ordering.API\Ordering.API.csproj", "{EAC13DC8-2BC1-4667-918A-DA770BD9940F}"
EndProject
Global
	GlobalSection(SolutionConfigurationPlatforms) = preSolution
		Debug|Any CPU = Debug|Any CPU
		Release|Any CPU = Release|Any CPU
	EndGlobalSection
	GlobalSection(ProjectConfigurationPlatforms) = postSolution
		{6E0B8EBE-2D81-444E-8335-015FE3EB0FE2}.Debug|Any CPU.ActiveCfg = Debug|Any CPU
		{6E0B8EBE-2D81-444E-8335-015FE3EB0FE2}.Debug|Any CPU.Build.0 = Debug|Any CPU
		{6E0B8EBE-2D81-444E-8335-015FE3EB0FE2}.Release|Any CPU.ActiveCfg = Release|Any CPU
		{6E0B8EBE-2D81-444E-8335-015FE3EB0FE2}.Release|Any CPU.Build.0 = Release|Any CPU
		{EAC13DC8-2BC1-4667-918A-DA770BD9940F}.Debug|Any CPU.ActiveCfg = Debug|Any CPU
		{EAC13DC8-2BC1-4667-918A-DA770BD9940F}.Debug|Any CPU.Build.0 = Debug|Any CPU
		{EAC13DC8-2BC1-4667-918A-DA770BD9940F}.Release|Any CPU.ActiveCfg = Release|Any CPU
		{EAC13DC8-2BC1-4667-918A-DA770BD9940F}.Release|Any CPU.Build.0 = Release|Any CPU
	EndGlobalSection
	GlobalSection(SolutionProperties) = preSolution
		HideSolutionNode = FALSE
	EndGlobalSection
	GlobalSection(ExtensibilityGlobals) = postSolution
		SolutionGuid = {7D4FEC39-D9D5-4AC5-9C71-85C059D98618}
	EndGlobalSection
EndGlobal
